Microsoft Visual Studio Solution File, Format Version 12.00
# Visual Studio Version 17
VisualStudioVersion = 17.5.2.0
MinimumVisualStudioVersion = 10.0.40219.1
Project("{FAE04EC0-301F-11D3-BF4B-00C04F79EFBC}") = "CHECKTOOL", "CHECKTOOL.csproj", "{99581176-9D1C-7E48-92B3-54D63E8E78F4}"
EndProject
Global
	GlobalSection(SolutionConfigurationPlatforms) = preSolution
		Debug|Any CPU = Debug|Any CPU
		Release|Any CPU = Release|Any CPU
	EndGlobalSection
	GlobalSection(ProjectConfigurationPlatforms) = postSolution
		{99581176-9D1C-7E48-92B3-54D63E8E78F4}.Debug|Any CPU.ActiveCfg = Debug|Any CPU
		{99581176-9D1C-7E48-92B3-54D63E8E78F4}.Debug|Any CPU.Build.0 = Debug|Any CPU
		{99581176-9D1C-7E48-92B3-54D63E8E78F4}.Release|Any CPU.ActiveCfg = Release|Any CPU
		{99581176-9D1C-7E48-92B3-54D63E8E78F4}.Release|Any CPU.Build.0 = Release|Any CPU
	EndGlobalSection
	GlobalSection(SolutionProperties) = preSolution
		HideSolutionNode = FALSE
	EndGlobalSection
	GlobalSection(ExtensibilityGlobals) = postSolution
		SolutionGuid = {27B49456-56BA-4BE9-8BD4-4D57290C4C60}
	EndGlobalSection
EndGlobal
